// !$*UTF8*$!
{
	archiveVersion = 1;
	classes = {
	};
	objectVersion = 54;
	objects = {

/* Begin PBXBuildFile section */
		2B915E0E25907AEB009459A4 /* String+Extension.swift in Sources */ = {isa = PBXBuildFile; fileRef = 2B915E0D25907AEB009459A4 /* String+Extension.swift */; };
		2B915E12259082B4009459A4 /* Social.DatePickerView.swift in Sources */ = {isa = PBXBuildFile; fileRef = 2B915E11259082B4009459A4 /* Social.DatePickerView.swift */; };
		49091B6F2D701BA000369A9C /* UserViewController.swift in Sources */ = {isa = PBXBuildFile; fileRef = 49091B6E2D701BA000369A9C /* UserViewController.swift */; };
		49091B742D7088DD00369A9C /* HomeExploreController.swift in Sources */ = {isa = PBXBuildFile; fileRef = 49091B732D7088DD00369A9C /* HomeExploreController.swift */; };
		49091B762D7088E200369A9C /* HomeMessageViewController.swift in Sources */ = {isa = PBXBuildFile; fileRef = 49091B752D7088E200369A9C /* HomeMessageViewController.swift */; };
		49091B782D7088F900369A9C /* HomeProfieViewController.swift in Sources */ = {isa = PBXBuildFile; fileRef = 49091B772D7088F900369A9C /* HomeProfieViewController.swift */; };
		490A087B265CE85E0089FA1C /* shellTest.sh in Resources */ = {isa = PBXBuildFile; fileRef = 490A0872265CE85E0089FA1C /* shellTest.sh */; };
		490A087C265CE85E0089FA1C /* shellInput.sh in Resources */ = {isa = PBXBuildFile; fileRef = 490A0873265CE85E0089FA1C /* shellInput.sh */; };
		490A087D265CE85E0089FA1C /* shellFileImport.sh in Resources */ = {isa = PBXBuildFile; fileRef = 490A0874265CE85E0089FA1C /* shellFileImport.sh */; };
		490A087E265CE85E0089FA1C /* testShell1.sh in Resources */ = {isa = PBXBuildFile; fileRef = 490A0875265CE85E0089FA1C /* testShell1.sh */; };
		490A087F265CE85E0089FA1C /* pushCode.sh in Resources */ = {isa = PBXBuildFile; fileRef = 490A0876265CE85E0089FA1C /* pushCode.sh */; };
		490A0880265CE85E0089FA1C /* users in Resources */ = {isa = PBXBuildFile; fileRef = 490A0877265CE85E0089FA1C /* users */; };
		490A0881265CE85E0089FA1C /* funTest.sh in Resources */ = {isa = PBXBuildFile; fileRef = 490A0878265CE85E0089FA1C /* funTest.sh */; };
		490A0882265CE85E0089FA1C /* printTest.sh in Resources */ = {isa = PBXBuildFile; fileRef = 490A0879265CE85E0089FA1C /* printTest.sh */; };
		490A0883265CE85E0089FA1C /* shellIfElse.sh in Resources */ = {isa = PBXBuildFile; fileRef = 490A087A265CE85E0089FA1C /* shellIfElse.sh */; };
		493203E524C437A500690A7D /* LoginViewController.swift in Sources */ = {isa = PBXBuildFile; fileRef = 493203E424C437A500690A7D /* LoginViewController.swift */; };
		493203E824C438E500690A7D /* GRENibloadable.swift in Sources */ = {isa = PBXBuildFile; fileRef = 493203E724C438E500690A7D /* GRENibloadable.swift */; };
		493904C525F36BA700C8C209 /* MutileClassImpTest.swift in Sources */ = {isa = PBXBuildFile; fileRef = 493904C425F36BA700C8C209 /* MutileClassImpTest.swift */; };
		493904CD25F36C9000C8C209 /* MainQueue&ThreadViewController.swift in Sources */ = {isa = PBXBuildFile; fileRef = 493904C925F36C8F00C8C209 /* MainQueue&ThreadViewController.swift */; };
		493904CE25F36C9000C8C209 /* EnumTestViewController.swift in Sources */ = {isa = PBXBuildFile; fileRef = 493904CB25F36C8F00C8C209 /* EnumTestViewController.swift */; };
		493D7F75264E4C1F009FECDC /* TestShell.sh in Resources */ = {isa = PBXBuildFile; fileRef = 493D7F74264E4C1F009FECDC /* TestShell.sh */; };
		4989DE1624BE0670009DAF62 /* AppDelegate.swift in Sources */ = {isa = PBXBuildFile; fileRef = 4989DE1524BE0670009DAF62 /* AppDelegate.swift */; };
		4989DE1A24BE0670009DAF62 /* HomeViewController.swift in Sources */ = {isa = PBXBuildFile; fileRef = 4989DE1924BE0670009DAF62 /* HomeViewController.swift */; };
		4989DE1D24BE0670009DAF62 /* Main.storyboard in Resources */ = {isa = PBXBuildFile; fileRef = 4989DE1B24BE0670009DAF62 /* Main.storyboard */; };
		4989DE1F24BE0672009DAF62 /* Assets.xcassets in Resources */ = {isa = PBXBuildFile; fileRef = 4989DE1E24BE0672009DAF62 /* Assets.xcassets */; };
		4989DE2224BE0672009DAF62 /* LaunchScreen.storyboard in Resources */ = {isa = PBXBuildFile; fileRef = 4989DE2024BE0672009DAF62 /* LaunchScreen.storyboard */; };
		4989DE2B24BE06A1009DAF62 /* FRPTestViewController.swift in Sources */ = {isa = PBXBuildFile; fileRef = 4989DE2A24BE06A1009DAF62 /* FRPTestViewController.swift */; };
		4989DE3024BE7F92009DAF62 /* RXSwiftRestViewController.swift in Sources */ = {isa = PBXBuildFile; fileRef = 4989DE2F24BE7F92009DAF62 /* RXSwiftRestViewController.swift */; };
		49943F052D6C73C200F75B3B /* MemoryCache.swift in Sources */ = {isa = PBXBuildFile; fileRef = 49943F042D6C73C200F75B3B /* MemoryCache.swift */; };
		49943F082D6C94CA00F75B3B /* UserService.swift in Sources */ = {isa = PBXBuildFile; fileRef = 49943F072D6C94CA00F75B3B /* UserService.swift */; };
		49943F0B2D6C955300F75B3B /* User.swift in Sources */ = {isa = PBXBuildFile; fileRef = 49943F0A2D6C955300F75B3B /* User.swift */; };
		49AE026724E8D2D5002C028B /* SubjectTestViewController.swift in Sources */ = {isa = PBXBuildFile; fileRef = 49AE026624E8D2D5002C028B /* SubjectTestViewController.swift */; };
		49AE026A24E8EDD8002C028B /* WCDBCacheManager.swift in Sources */ = {isa = PBXBuildFile; fileRef = 49AE026924E8EDD7002C028B /* WCDBCacheManager.swift */; };
		49AE026C24E8F3E5002C028B /* TestAViewController.swift in Sources */ = {isa = PBXBuildFile; fileRef = 49AE026B24E8F3E5002C028B /* TestAViewController.swift */; };
		49AE026E24E8F3F0002C028B /* TestBViewController.swift in Sources */ = {isa = PBXBuildFile; fileRef = 49AE026D24E8F3F0002C028B /* TestBViewController.swift */; };
		49AE027024E8F3F7002C028B /* TestCViewController.swift in Sources */ = {isa = PBXBuildFile; fileRef = 49AE026F24E8F3F7002C028B /* TestCViewController.swift */; };
		49B5F009269D682D00D1B3F8 /* TimerTest.swift in Sources */ = {isa = PBXBuildFile; fileRef = 49B5F008269D682D00D1B3F8 /* TimerTest.swift */; };
		49C0FE642D71692D00E40B99 /* HomeMainController.swift in Sources */ = {isa = PBXBuildFile; fileRef = 49C0FE632D71692D00E40B99 /* HomeMainController.swift */; };
		49CC01942D2FB86700BF2ECB /* SwiftUIViewTest1.swift in Sources */ = {isa = PBXBuildFile; fileRef = 49CC01932D2FB86700BF2ECB /* SwiftUIViewTest1.swift */; };
		49E873D52D6AED0200C8E850 /* NetworkService.swift in Sources */ = {isa = PBXBuildFile; fileRef = 49E873D42D6AED0200C8E850 /* NetworkService.swift */; };
		49E873D92D6AEDAD00C8E850 /* NetworkConfig.swift in Sources */ = {isa = PBXBuildFile; fileRef = 49E873D82D6AEDAD00C8E850 /* NetworkConfig.swift */; };
		49E873DB2D6AEDC200C8E850 /* NetworkEnum.swift in Sources */ = {isa = PBXBuildFile; fileRef = 49E873DA2D6AEDC200C8E850 /* NetworkEnum.swift */; };
		49E873DD2D6AEE0100C8E850 /* NetworkErrorHandle.swift in Sources */ = {isa = PBXBuildFile; fileRef = 49E873DC2D6AEE0100C8E850 /* NetworkErrorHandle.swift */; };
		49F70D842C0D75CA00D80FDC /* VideoDimension.swift in Sources */ = {isa = PBXBuildFile; fileRef = 49F70D832C0D75CA00D80FDC /* VideoDimension.swift */; };
		7AF101A004E785E382CF7283 /* Pods_RXSwift_Explore.framework in Frameworks */ = {isa = PBXBuildFile; fileRef = EE26AD85B05FDAF8588D47B9 /* Pods_RXSwift_Explore.framework */; };
		F30ABAEB24C86867001936D5 /* ObservableTestViewController.swift in Sources */ = {isa = PBXBuildFile; fileRef = F30ABAEA24C86867001936D5 /* ObservableTestViewController.swift */; };
		F318464E25593D63006BC8E5 /* LocationManager.swift in Sources */ = {isa = PBXBuildFile; fileRef = F318464D25593D63006BC8E5 /* LocationManager.swift */; };
		F31FF90F24EA5B2A00642DA9 /* SwiftTimer.swift in Sources */ = {isa = PBXBuildFile; fileRef = F31FF90E24EA5B2900642DA9 /* SwiftTimer.swift */; };
		F332693424F63ED100A18EA2 /* CustomAlterViewController.swift in Sources */ = {isa = PBXBuildFile; fileRef = F3A21A5E24EE9E7E0058810C /* CustomAlterViewController.swift */; };
		F332693624F642CD00A18EA2 /* Frame.swift in Sources */ = {isa = PBXBuildFile; fileRef = F332693524F642CD00A18EA2 /* Frame.swift */; };
		F33801B624D7AFE900DAC697 /* DeviceAuthManager.swift in Sources */ = {isa = PBXBuildFile; fileRef = F33801B524D7AFE900DAC697 /* DeviceAuthManager.swift */; };
		F3966C2B24CC309600D9F01F /* OperationtestViewController.swift in Sources */ = {isa = PBXBuildFile; fileRef = F3966C2A24CC309600D9F01F /* OperationtestViewController.swift */; };
		F3A51920256D33EA00A42B9D /* VideoPhotoBannerView.swift in Sources */ = {isa = PBXBuildFile; fileRef = F3A5191F256D33EA00A42B9D /* VideoPhotoBannerView.swift */; };
		F3B9937E24D14C1B000AD623 /* TestCuddeleViewController.swift in Sources */ = {isa = PBXBuildFile; fileRef = F3B9937D24D14C1B000AD623 /* TestCuddeleViewController.swift */; };
		F3B9938124D173CF000AD623 /* IntExtension.swift in Sources */ = {isa = PBXBuildFile; fileRef = F3B9938024D173CF000AD623 /* IntExtension.swift */; };
/* End PBXBuildFile section */

/* Begin PBXFileReference section */
		2B915E0D25907AEB009459A4 /* String+Extension.swift */ = {isa = PBXFileReference; lastKnownFileType = sourcecode.swift; path = "String+Extension.swift"; sourceTree = "<group>"; };
		2B915E11259082B4009459A4 /* Social.DatePickerView.swift */ = {isa = PBXFileReference; fileEncoding = 4; lastKnownFileType = sourcecode.swift; path = Social.DatePickerView.swift; sourceTree = "<group>"; };
		49091B6E2D701BA000369A9C /* UserViewController.swift */ = {isa = PBXFileReference; lastKnownFileType = sourcecode.swift; path = UserViewController.swift; sourceTree = "<group>"; };
		49091B732D7088DD00369A9C /* HomeExploreController.swift */ = {isa = PBXFileReference; lastKnownFileType = sourcecode.swift; path = HomeExploreController.swift; sourceTree = "<group>"; };
		49091B752D7088E200369A9C /* HomeMessageViewController.swift */ = {isa = PBXFileReference; lastKnownFileType = sourcecode.swift; path = HomeMessageViewController.swift; sourceTree = "<group>"; };
		49091B772D7088F900369A9C /* HomeProfieViewController.swift */ = {isa = PBXFileReference; lastKnownFileType = sourcecode.swift; path = HomeProfieViewController.swift; sourceTree = "<group>"; };
		490A0872265CE85E0089FA1C /* shellTest.sh */ = {isa = PBXFileReference; fileEncoding = 4; lastKnownFileType = text.script.sh; path = shellTest.sh; sourceTree = "<group>"; };
		490A0873265CE85E0089FA1C /* shellInput.sh */ = {isa = PBXFileReference; fileEncoding = 4; lastKnownFileType = text.script.sh; path = shellInput.sh; sourceTree = "<group>"; };
		490A0874265CE85E0089FA1C /* shellFileImport.sh */ = {isa = PBXFileReference; fileEncoding = 4; lastKnownFileType = text.script.sh; path = shellFileImport.sh; sourceTree = "<group>"; };
		490A0875265CE85E0089FA1C /* testShell1.sh */ = {isa = PBXFileReference; fileEncoding = 4; lastKnownFileType = text.script.sh; path = testShell1.sh; sourceTree = "<group>"; };
		490A0876265CE85E0089FA1C /* pushCode.sh */ = {isa = PBXFileReference; fileEncoding = 4; lastKnownFileType = text.script.sh; path = pushCode.sh; sourceTree = "<group>"; };
		490A0877265CE85E0089FA1C /* users */ = {isa = PBXFileReference; fileEncoding = 4; lastKnownFileType = text; path = users; sourceTree = "<group>"; };
		490A0878265CE85E0089FA1C /* funTest.sh */ = {isa = PBXFileReference; fileEncoding = 4; lastKnownFileType = text.script.sh; path = funTest.sh; sourceTree = "<group>"; };
		490A0879265CE85E0089FA1C /* printTest.sh */ = {isa = PBXFileReference; fileEncoding = 4; lastKnownFileType = text.script.sh; path = printTest.sh; sourceTree = "<group>"; };
		490A087A265CE85E0089FA1C /* shellIfElse.sh */ = {isa = PBXFileReference; fileEncoding = 4; lastKnownFileType = text.script.sh; path = shellIfElse.sh; sourceTree = "<group>"; };
		493203E424C437A500690A7D /* LoginViewController.swift */ = {isa = PBXFileReference; lastKnownFileType = sourcecode.swift; path = LoginViewController.swift; sourceTree = "<group>"; };
		493203E724C438E500690A7D /* GRENibloadable.swift */ = {isa = PBXFileReference; fileEncoding = 4; lastKnownFileType = sourcecode.swift; path = GRENibloadable.swift; sourceTree = "<group>"; };
		493904C425F36BA700C8C209 /* MutileClassImpTest.swift */ = {isa = PBXFileReference; lastKnownFileType = sourcecode.swift; path = MutileClassImpTest.swift; sourceTree = "<group>"; };
		493904C825F36C8F00C8C209 /* MainQueue&ThreadViewController.swift */ = {isa = PBXFileReference; fileEncoding = 4; lastKnownFileType = sourcecode.swift; path = "MainQueue&ThreadViewController.swift"; sourceTree = "<group>"; };
		493904C925F36C8F00C8C209 /* MainQueue&ThreadViewController.swift */ = {isa = PBXFileReference; fileEncoding = 4; lastKnownFileType = sourcecode.swift; path = "MainQueue&ThreadViewController.swift"; sourceTree = "<group>"; };
		493904CB25F36C8F00C8C209 /* EnumTestViewController.swift */ = {isa = PBXFileReference; fileEncoding = 4; lastKnownFileType = sourcecode.swift; path = EnumTestViewController.swift; sourceTree = "<group>"; };
		493D7F74264E4C1F009FECDC /* TestShell.sh */ = {isa = PBXFileReference; fileEncoding = 4; lastKnownFileType = text.script.sh; path = TestShell.sh; sourceTree = "<group>"; };
		4989DE1224BE0670009DAF62 /* RXSwift_Explore.app */ = {isa = PBXFileReference; explicitFileType = wrapper.application; includeInIndex = 0; path = RXSwift_Explore.app; sourceTree = BUILT_PRODUCTS_DIR; };
		4989DE1524BE0670009DAF62 /* AppDelegate.swift */ = {isa = PBXFileReference; lastKnownFileType = sourcecode.swift; path = AppDelegate.swift; sourceTree = "<group>"; };
		4989DE1924BE0670009DAF62 /* HomeViewController.swift */ = {isa = PBXFileReference; lastKnownFileType = sourcecode.swift; path = HomeViewController.swift; sourceTree = "<group>"; };
		4989DE1C24BE0670009DAF62 /* Base */ = {isa = PBXFileReference; lastKnownFileType = file.storyboard; name = Base; path = Base.lproj/Main.storyboard; sourceTree = "<group>"; };
		4989DE1E24BE0672009DAF62 /* Assets.xcassets */ = {isa = PBXFileReference; lastKnownFileType = folder.assetcatalog; path = Assets.xcassets; sourceTree = "<group>"; };
		4989DE2124BE0672009DAF62 /* Base */ = {isa = PBXFileReference; lastKnownFileType = file.storyboard; name = Base; path = Base.lproj/LaunchScreen.storyboard; sourceTree = "<group>"; };
		4989DE2324BE0672009DAF62 /* Info.plist */ = {isa = PBXFileReference; lastKnownFileType = text.plist.xml; path = Info.plist; sourceTree = "<group>"; };
		4989DE2A24BE06A1009DAF62 /* FRPTestViewController.swift */ = {isa = PBXFileReference; lastKnownFileType = sourcecode.swift; path = FRPTestViewController.swift; sourceTree = "<group>"; };
		4989DE2F24BE7F92009DAF62 /* RXSwiftRestViewController.swift */ = {isa = PBXFileReference; lastKnownFileType = sourcecode.swift; path = RXSwiftRestViewController.swift; sourceTree = "<group>"; };
		49943F042D6C73C200F75B3B /* MemoryCache.swift */ = {isa = PBXFileReference; lastKnownFileType = sourcecode.swift; path = MemoryCache.swift; sourceTree = "<group>"; };
		49943F072D6C94CA00F75B3B /* UserService.swift */ = {isa = PBXFileReference; lastKnownFileType = sourcecode.swift; path = UserService.swift; sourceTree = "<group>"; };
		49943F0A2D6C955300F75B3B /* User.swift */ = {isa = PBXFileReference; lastKnownFileType = sourcecode.swift; path = User.swift; sourceTree = "<group>"; };
		49AE026624E8D2D5002C028B /* SubjectTestViewController.swift */ = {isa = PBXFileReference; lastKnownFileType = sourcecode.swift; path = SubjectTestViewController.swift; sourceTree = "<group>"; };
		49AE026924E8EDD7002C028B /* WCDBCacheManager.swift */ = {isa = PBXFileReference; fileEncoding = 4; lastKnownFileType = sourcecode.swift; path = WCDBCacheManager.swift; sourceTree = "<group>"; };
		49AE026B24E8F3E5002C028B /* TestAViewController.swift */ = {isa = PBXFileReference; lastKnownFileType = sourcecode.swift; path = TestAViewController.swift; sourceTree = "<group>"; };
		49AE026D24E8F3F0002C028B /* TestBViewController.swift */ = {isa = PBXFileReference; lastKnownFileType = sourcecode.swift; path = TestBViewController.swift; sourceTree = "<group>"; };
		49AE026F24E8F3F7002C028B /* TestCViewController.swift */ = {isa = PBXFileReference; lastKnownFileType = sourcecode.swift; path = TestCViewController.swift; sourceTree = "<group>"; };
		49B5F008269D682D00D1B3F8 /* TimerTest.swift */ = {isa = PBXFileReference; lastKnownFileType = sourcecode.swift; path = TimerTest.swift; sourceTree = "<group>"; };
		49C0FE632D71692D00E40B99 /* HomeMainController.swift */ = {isa = PBXFileReference; lastKnownFileType = sourcecode.swift; path = HomeMainController.swift; sourceTree = "<group>"; };
		49C0FE652D71767200E40B99 /* README.md */ = {isa = PBXFileReference; lastKnownFileType = net.daringfireball.markdown; path = README.md; sourceTree = "<group>"; };
		49CC01932D2FB86700BF2ECB /* SwiftUIViewTest1.swift */ = {isa = PBXFileReference; lastKnownFileType = sourcecode.swift; path = SwiftUIViewTest1.swift; sourceTree = "<group>"; };
		49E873D42D6AED0200C8E850 /* NetworkService.swift */ = {isa = PBXFileReference; lastKnownFileType = sourcecode.swift; path = NetworkService.swift; sourceTree = "<group>"; };
		49E873D82D6AEDAD00C8E850 /* NetworkConfig.swift */ = {isa = PBXFileReference; lastKnownFileType = sourcecode.swift; path = NetworkConfig.swift; sourceTree = "<group>"; };
		49E873DA2D6AEDC200C8E850 /* NetworkEnum.swift */ = {isa = PBXFileReference; lastKnownFileType = sourcecode.swift; path = NetworkEnum.swift; sourceTree = "<group>"; };
		49E873DC2D6AEE0100C8E850 /* NetworkErrorHandle.swift */ = {isa = PBXFileReference; lastKnownFileType = sourcecode.swift; path = NetworkErrorHandle.swift; sourceTree = "<group>"; };
		49F70D832C0D75CA00D80FDC /* VideoDimension.swift */ = {isa = PBXFileReference; lastKnownFileType = sourcecode.swift; path = VideoDimension.swift; sourceTree = "<group>"; };
		AAEFC897D70E78DB7C9BF5F9 /* Pods-RXSwift_Explore.release.xcconfig */ = {isa = PBXFileReference; includeInIndex = 1; lastKnownFileType = text.xcconfig; name = "Pods-RXSwift_Explore.release.xcconfig"; path = "Target Support Files/Pods-RXSwift_Explore/Pods-RXSwift_Explore.release.xcconfig"; sourceTree = "<group>"; };
		D474DB7044B723A277DDFCBC /* Pods-RXSwift_Explore.debug.xcconfig */ = {isa = PBXFileReference; includeInIndex = 1; lastKnownFileType = text.xcconfig; name = "Pods-RXSwift_Explore.debug.xcconfig"; path = "Target Support Files/Pods-RXSwift_Explore/Pods-RXSwift_Explore.debug.xcconfig"; sourceTree = "<group>"; };
		EE26AD85B05FDAF8588D47B9 /* Pods_RXSwift_Explore.framework */ = {isa = PBXFileReference; explicitFileType = wrapper.framework; includeInIndex = 0; path = Pods_RXSwift_Explore.framework; sourceTree = BUILT_PRODUCTS_DIR; };
		F30ABAEA24C86867001936D5 /* ObservableTestViewController.swift */ = {isa = PBXFileReference; lastKnownFileType = sourcecode.swift; path = ObservableTestViewController.swift; sourceTree = "<group>"; };
		F318464D25593D63006BC8E5 /* LocationManager.swift */ = {isa = PBXFileReference; lastKnownFileType = sourcecode.swift; path = LocationManager.swift; sourceTree = "<group>"; };
		F31FF90E24EA5B2900642DA9 /* SwiftTimer.swift */ = {isa = PBXFileReference; fileEncoding = 4; lastKnownFileType = sourcecode.swift; path = SwiftTimer.swift; sourceTree = "<group>"; };
		F332693524F642CD00A18EA2 /* Frame.swift */ = {isa = PBXFileReference; fileEncoding = 4; lastKnownFileType = sourcecode.swift; path = Frame.swift; sourceTree = "<group>"; };
		F33801B524D7AFE900DAC697 /* DeviceAuthManager.swift */ = {isa = PBXFileReference; lastKnownFileType = sourcecode.swift; path = DeviceAuthManager.swift; sourceTree = "<group>"; };
		F3966C2A24CC309600D9F01F /* OperationtestViewController.swift */ = {isa = PBXFileReference; lastKnownFileType = sourcecode.swift; path = OperationtestViewController.swift; sourceTree = "<group>"; };
		F3A21A5E24EE9E7E0058810C /* CustomAlterViewController.swift */ = {isa = PBXFileReference; lastKnownFileType = sourcecode.swift; path = CustomAlterViewController.swift; sourceTree = "<group>"; };
		F3A5191F256D33EA00A42B9D /* VideoPhotoBannerView.swift */ = {isa = PBXFileReference; lastKnownFileType = sourcecode.swift; path = VideoPhotoBannerView.swift; sourceTree = "<group>"; };
		F3B9937D24D14C1B000AD623 /* TestCuddeleViewController.swift */ = {isa = PBXFileReference; lastKnownFileType = sourcecode.swift; path = TestCuddeleViewController.swift; sourceTree = "<group>"; };
		F3B9938024D173CF000AD623 /* IntExtension.swift */ = {isa = PBXFileReference; fileEncoding = 4; lastKnownFileType = sourcecode.swift; path = IntExtension.swift; sourceTree = "<group>"; };
/* End PBXFileReference section */

/* Begin PBXFrameworksBuildPhase section */
		4989DE0F24BE0670009DAF62 /* Frameworks */ = {
			isa = PBXFrameworksBuildPhase;
			buildActionMask = 2147483647;
			files = (
				7AF101A004E785E382CF7283 /* Pods_RXSwift_Explore.framework in Frameworks */,
			);
			runOnlyForDeploymentPostprocessing = 0;
		};
/* End PBXFrameworksBuildPhase section */

/* Begin PBXGroup section */
		2B915E10259082A1009459A4 /* 生日选择器 */ = {
			isa = PBXGroup;
			children = (
				2B915E11259082B4009459A4 /* Social.DatePickerView.swift */,
			);
			path = "生日选择器";
			sourceTree = "<group>";
		};
		2E32496156AFE4D36DBA927F /* Frameworks */ = {
			isa = PBXGroup;
			children = (
				EE26AD85B05FDAF8588D47B9 /* Pods_RXSwift_Explore.framework */,
			);
			name = Frameworks;
			sourceTree = "<group>";
		};
		49091B6D2D701B9100369A9C /* User */ = {
			isa = PBXGroup;
			children = (
				49091B6E2D701BA000369A9C /* UserViewController.swift */,
			);
			path = User;
			sourceTree = "<group>";
		};
		49091B702D704FC100369A9C /* Home */ = {
			isa = PBXGroup;
			children = (
				4989DE1924BE0670009DAF62 /* HomeViewController.swift */,
				49091B732D7088DD00369A9C /* HomeExploreController.swift */,
				49091B752D7088E200369A9C /* HomeMessageViewController.swift */,
				49091B772D7088F900369A9C /* HomeProfieViewController.swift */,
				49C0FE632D71692D00E40B99 /* HomeMainController.swift */,
			);
			path = Home;
			sourceTree = "<group>";
		};
		493203E324C4378E00690A7D /* 登录RX使用 */ = {
			isa = PBXGroup;
			children = (
				493203E424C437A500690A7D /* LoginViewController.swift */,
			);
			path = "登录RX使用";
			sourceTree = "<group>";
		};
		493203E624C438C300690A7D /* Protocol */ = {
			isa = PBXGroup;
			children = (
				493203E724C438E500690A7D /* GRENibloadable.swift */,
			);
			path = Protocol;
			sourceTree = "<group>";
		};
		493904B925F36A1900C8C209 /* Tools */ = {
			isa = PBXGroup;
			children = (
				49F70D822C0D756800D80FDC /* 视频尺寸 */,
				49B5F007269D637000D1B3F8 /* Timer */,
				493904CA25F36C8F00C8C209 /* 枚举Enum */,
				493904C725F36C8F00C8C209 /* 主队列&主线程 */,
				493904C925F36C8F00C8C209 /* MainQueue&ThreadViewController.swift */,
				493904C325F36B6C00C8C209 /* 多态的实现 */,
				2B915E10259082A1009459A4 /* 生日选择器 */,
				F3A5191E256D339000A42B9D /* 滑动BannerView */,
				F318464C25593D1F006BC8E5 /* 定位 */,
				F332693324F63A8F00A18EA2 /* 点击空白dimiss的AlterVC */,
				49AE026824E8EDC5002C028B /* 数据库WCDB */,
				F33801B424D7AFCF00DAC697 /* 权限检测 */,
			);
			path = Tools;
			sourceTree = "<group>";
		};
		493904BA25F36A9900C8C209 /* RX相关 */ = {
			isa = PBXGroup;
			children = (
				49AE026524E8D2B4002C028B /* Subject */,
				F3966C2924CC303500D9F01F /* 操作符map、flat */,
				F30ABAE924C8683B001936D5 /* 序列Observable创建 */,
				493203E324C4378E00690A7D /* 登录RX使用 */,
				4989DE2E24BE7F70009DAF62 /* RXSwift示例 */,
				4989DE2924BE0682009DAF62 /* 函数响应式 */,
			);
			path = "RX相关";
			sourceTree = "<group>";
		};
		493904C325F36B6C00C8C209 /* 多态的实现 */ = {
			isa = PBXGroup;
			children = (
				493904C425F36BA700C8C209 /* MutileClassImpTest.swift */,
			);
			path = "多态的实现";
			sourceTree = "<group>";
		};
		493904C725F36C8F00C8C209 /* 主队列&主线程 */ = {
			isa = PBXGroup;
			children = (
				493904C825F36C8F00C8C209 /* MainQueue&ThreadViewController.swift */,
			);
			path = "主队列&主线程";
			sourceTree = "<group>";
		};
		493904CA25F36C8F00C8C209 /* 枚举Enum */ = {
			isa = PBXGroup;
			children = (
				493904CB25F36C8F00C8C209 /* EnumTestViewController.swift */,
			);
			path = "枚举Enum";
			sourceTree = "<group>";
		};
		493D7F73264E4BFD009FECDC /* 脚本Shell */ = {
			isa = PBXGroup;
			children = (
				490A0878265CE85E0089FA1C /* funTest.sh */,
				490A0879265CE85E0089FA1C /* printTest.sh */,
				490A0876265CE85E0089FA1C /* pushCode.sh */,
				490A0874265CE85E0089FA1C /* shellFileImport.sh */,
				490A087A265CE85E0089FA1C /* shellIfElse.sh */,
				490A0873265CE85E0089FA1C /* shellInput.sh */,
				490A0872265CE85E0089FA1C /* shellTest.sh */,
				490A0875265CE85E0089FA1C /* testShell1.sh */,
				490A0877265CE85E0089FA1C /* users */,
				493D7F74264E4C1F009FECDC /* TestShell.sh */,
			);
			path = "脚本Shell";
			sourceTree = "<group>";
		};
		4989DE0924BE0670009DAF62 = {
			isa = PBXGroup;
			children = (
				49C0FE652D71767200E40B99 /* README.md */,
				4989DE1424BE0670009DAF62 /* RXSwift_Explore */,
				4989DE1324BE0670009DAF62 /* Products */,
				C94B334B363E5A41767CFB29 /* Pods */,
				2E32496156AFE4D36DBA927F /* Frameworks */,
			);
			sourceTree = "<group>";
		};
		4989DE1324BE0670009DAF62 /* Products */ = {
			isa = PBXGroup;
			children = (
				4989DE1224BE0670009DAF62 /* RXSwift_Explore.app */,
			);
			name = Products;
			sourceTree = "<group>";
		};
		4989DE1424BE0670009DAF62 /* RXSwift_Explore */ = {
			isa = PBXGroup;
			children = (
				49943F092D6C953800F75B3B /* Model */,
				49943F062D6C94A800F75B3B /* APIService */,
				49E873D32D6AD10E00C8E850 /* Network */,
				49CC01922D2FB83300BF2ECB /* SwiftUI */,
				493D7F73264E4BFD009FECDC /* 脚本Shell */,
				493904BA25F36A9900C8C209 /* RX相关 */,
				493904B925F36A1900C8C209 /* Tools */,
				F3B9937F24D173AE000AD623 /* EXtension */,
				F3B9937C24D14C03000AD623 /* Pages */,
				493203E624C438C300690A7D /* Protocol */,
				4989DE1524BE0670009DAF62 /* AppDelegate.swift */,
				4989DE1B24BE0670009DAF62 /* Main.storyboard */,
				4989DE1E24BE0672009DAF62 /* Assets.xcassets */,
				4989DE2024BE0672009DAF62 /* LaunchScreen.storyboard */,
				4989DE2324BE0672009DAF62 /* Info.plist */,
			);
			path = RXSwift_Explore;
			sourceTree = "<group>";
		};
		4989DE2924BE0682009DAF62 /* 函数响应式 */ = {
			isa = PBXGroup;
			children = (
				4989DE2A24BE06A1009DAF62 /* FRPTestViewController.swift */,
			);
			path = "函数响应式";
			sourceTree = "<group>";
		};
		4989DE2E24BE7F70009DAF62 /* RXSwift示例 */ = {
			isa = PBXGroup;
			children = (
				4989DE2F24BE7F92009DAF62 /* RXSwiftRestViewController.swift */,
			);
			path = "RXSwift示例";
			sourceTree = "<group>";
		};
		49943F062D6C94A800F75B3B /* APIService */ = {
			isa = PBXGroup;
			children = (
				49943F072D6C94CA00F75B3B /* UserService.swift */,
			);
			path = APIService;
			sourceTree = "<group>";
		};
		49943F092D6C953800F75B3B /* Model */ = {
			isa = PBXGroup;
			children = (
				49943F0A2D6C955300F75B3B /* User.swift */,
			);
			path = Model;
			sourceTree = "<group>";
		};
		49AE026524E8D2B4002C028B /* Subject */ = {
			isa = PBXGroup;
			children = (
				49AE026624E8D2D5002C028B /* SubjectTestViewController.swift */,
			);
			path = Subject;
			sourceTree = "<group>";
		};
		49AE026824E8EDC5002C028B /* 数据库WCDB */ = {
			isa = PBXGroup;
			children = (
				49AE026924E8EDD7002C028B /* WCDBCacheManager.swift */,
			);
			path = "数据库WCDB";
			sourceTree = "<group>";
		};
		49B5F007269D637000D1B3F8 /* Timer */ = {
			isa = PBXGroup;
			children = (
				49B5F008269D682D00D1B3F8 /* TimerTest.swift */,
			);
			path = Timer;
			sourceTree = "<group>";
		};
		49CC01922D2FB83300BF2ECB /* SwiftUI */ = {
			isa = PBXGroup;
			children = (
				49CC01932D2FB86700BF2ECB /* SwiftUIViewTest1.swift */,
			);
			path = SwiftUI;
			sourceTree = "<group>";
		};
		49E873D32D6AD10E00C8E850 /* Network */ = {
			isa = PBXGroup;
			children = (
				49E873D42D6AED0200C8E850 /* NetworkService.swift */,
				49E873D82D6AEDAD00C8E850 /* NetworkConfig.swift */,
				49E873DA2D6AEDC200C8E850 /* NetworkEnum.swift */,
				49E873DC2D6AEE0100C8E850 /* NetworkErrorHandle.swift */,
				49943F042D6C73C200F75B3B /* MemoryCache.swift */,
			);
			path = Network;
			sourceTree = "<group>";
		};
		49F70D822C0D756800D80FDC /* 视频尺寸 */ = {
			isa = PBXGroup;
			children = (
				49F70D832C0D75CA00D80FDC /* VideoDimension.swift */,
			);
			path = "视频尺寸";
			sourceTree = "<group>";
		};
		C94B334B363E5A41767CFB29 /* Pods */ = {
			isa = PBXGroup;
			children = (
				D474DB7044B723A277DDFCBC /* Pods-RXSwift_Explore.debug.xcconfig */,
				AAEFC897D70E78DB7C9BF5F9 /* Pods-RXSwift_Explore.release.xcconfig */,
			);
			path = Pods;
			sourceTree = "<group>";
		};
		F30ABAE924C8683B001936D5 /* 序列Observable创建 */ = {
			isa = PBXGroup;
			children = (
				F30ABAEA24C86867001936D5 /* ObservableTestViewController.swift */,
			);
			path = "序列Observable创建";
			sourceTree = "<group>";
		};
		F318464C25593D1F006BC8E5 /* 定位 */ = {
			isa = PBXGroup;
			children = (
				F318464D25593D63006BC8E5 /* LocationManager.swift */,
			);
			path = "定位";
			sourceTree = "<group>";
		};
		F332693324F63A8F00A18EA2 /* 点击空白dimiss的AlterVC */ = {
			isa = PBXGroup;
			children = (
				F3A21A5E24EE9E7E0058810C /* CustomAlterViewController.swift */,
			);
			path = "点击空白dimiss的AlterVC";
			sourceTree = "<group>";
		};
		F33801B424D7AFCF00DAC697 /* 权限检测 */ = {
			isa = PBXGroup;
			children = (
				F33801B524D7AFE900DAC697 /* DeviceAuthManager.swift */,
			);
			path = "权限检测";
			sourceTree = "<group>";
		};
		F3966C2924CC303500D9F01F /* 操作符map、flat */ = {
			isa = PBXGroup;
			children = (
				F3966C2A24CC309600D9F01F /* OperationtestViewController.swift */,
			);
			path = "操作符map、flat";
			sourceTree = "<group>";
		};
		F3A5191E256D339000A42B9D /* 滑动BannerView */ = {
			isa = PBXGroup;
			children = (
				F3A5191F256D33EA00A42B9D /* VideoPhotoBannerView.swift */,
			);
			path = "滑动BannerView";
			sourceTree = "<group>";
		};
		F3B9937C24D14C03000AD623 /* Pages */ = {
			isa = PBXGroup;
			children = (
				49091B702D704FC100369A9C /* Home */,
				49091B6D2D701B9100369A9C /* User */,
				F3B9937D24D14C1B000AD623 /* TestCuddeleViewController.swift */,
				49AE026B24E8F3E5002C028B /* TestAViewController.swift */,
				49AE026D24E8F3F0002C028B /* TestBViewController.swift */,
				49AE026F24E8F3F7002C028B /* TestCViewController.swift */,
			);
			path = Pages;
			sourceTree = "<group>";
		};
		F3B9937F24D173AE000AD623 /* EXtension */ = {
			isa = PBXGroup;
			children = (
				F332693524F642CD00A18EA2 /* Frame.swift */,
				F31FF90E24EA5B2900642DA9 /* SwiftTimer.swift */,
				F3B9938024D173CF000AD623 /* IntExtension.swift */,
				2B915E0D25907AEB009459A4 /* String+Extension.swift */,
			);
			path = EXtension;
			sourceTree = "<group>";
		};
/* End PBXGroup section */

/* Begin PBXNativeTarget section */
		4989DE1124BE0670009DAF62 /* RXSwift_Explore */ = {
			isa = PBXNativeTarget;
			buildConfigurationList = 4989DE2624BE0672009DAF62 /* Build configuration list for PBXNativeTarget "RXSwift_Explore" */;
			buildPhases = (
				B21D42AEC9787B6C48B7990F /* [CP] Check Pods Manifest.lock */,
				4989DE0E24BE0670009DAF62 /* Sources */,
				4989DE0F24BE0670009DAF62 /* Frameworks */,
				4989DE1024BE0670009DAF62 /* Resources */,
				56D99C375CA5755A11233E39 /* [CP] Embed Pods Frameworks */,
			);
			buildRules = (
			);
			dependencies = (
			);
			name = RXSwift_Explore;
			productName = RXSwift_Explore;
			productReference = 4989DE1224BE0670009DAF62 /* RXSwift_Explore.app */;
			productType = "com.apple.product-type.application";
		};
/* End PBXNativeTarget section */

/* Begin PBXProject section */
		4989DE0A24BE0670009DAF62 /* Project object */ = {
			isa = PBXProject;
			attributes = {
				LastSwiftUpdateCheck = 1150;
				LastUpgradeCheck = 1150;
				ORGANIZATIONNAME = "mr dk";
				TargetAttributes = {
					4989DE1124BE0670009DAF62 = {
						CreatedOnToolsVersion = 11.5;
					};
				};
			};
			buildConfigurationList = 4989DE0D24BE0670009DAF62 /* Build configuration list for PBXProject "RXSwift_Explore" */;
			compatibilityVersion = "Xcode 9.3";
			developmentRegion = en;
			hasScannedForEncodings = 0;
			knownRegions = (
				en,
				Base,
			);
			mainGroup = 4989DE0924BE0670009DAF62;
			productRefGroup = 4989DE1324BE0670009DAF62 /* Products */;
			projectDirPath = "";
			projectRoot = "";
			targets = (
				4989DE1124BE0670009DAF62 /* RXSwift_Explore */,
			);
		};
/* End PBXProject section */

/* Begin PBXResourcesBuildPhase section */
		4989DE1024BE0670009DAF62 /* Resources */ = {
			isa = PBXResourcesBuildPhase;
			buildActionMask = 2147483647;
			files = (
				4989DE2224BE0672009DAF62 /* LaunchScreen.storyboard in Resources */,
				493D7F75264E4C1F009FECDC /* TestShell.sh in Resources */,
				490A087F265CE85E0089FA1C /* pushCode.sh in Resources */,
				4989DE1F24BE0672009DAF62 /* Assets.xcassets in Resources */,
				490A087B265CE85E0089FA1C /* shellTest.sh in Resources */,
				490A0883265CE85E0089FA1C /* shellIfElse.sh in Resources */,
				490A087C265CE85E0089FA1C /* shellInput.sh in Resources */,
				490A0882265CE85E0089FA1C /* printTest.sh in Resources */,
				490A0881265CE85E0089FA1C /* funTest.sh in Resources */,
				490A087D265CE85E0089FA1C /* shellFileImport.sh in Resources */,
				490A0880265CE85E0089FA1C /* users in Resources */,
				4989DE1D24BE0670009DAF62 /* Main.storyboard in Resources */,
				490A087E265CE85E0089FA1C /* testShell1.sh in Resources */,
			);
			runOnlyForDeploymentPostprocessing = 0;
		};
/* End PBXResourcesBuildPhase section */

/* Begin PBXShellScriptBuildPhase section */
		56D99C375CA5755A11233E39 /* [CP] Embed Pods Frameworks */ = {
			isa = PBXShellScriptBuildPhase;
			buildActionMask = 2147483647;
			files = (
			);
			inputFileListPaths = (
				"${PODS_ROOT}/Target Support Files/Pods-RXSwift_Explore/Pods-RXSwift_Explore-frameworks-${CONFIGURATION}-input-files.xcfilelist",
			);
			name = "[CP] Embed Pods Frameworks";
			outputFileListPaths = (
				"${PODS_ROOT}/Target Support Files/Pods-RXSwift_Explore/Pods-RXSwift_Explore-frameworks-${CONFIGURATION}-output-files.xcfilelist",
			);
			runOnlyForDeploymentPostprocessing = 0;
			shellPath = /bin/sh;
			shellScript = "\"${PODS_ROOT}/Target Support Files/Pods-RXSwift_Explore/Pods-RXSwift_Explore-frameworks.sh\"\n";
			showEnvVarsInLog = 0;
		};
		B21D42AEC9787B6C48B7990F /* [CP] Check Pods Manifest.lock */ = {
			isa = PBXShellScriptBuildPhase;
			buildActionMask = 2147483647;
			files = (
			);
			inputFileListPaths = (
			);
			inputPaths = (
				"${PODS_PODFILE_DIR_PATH}/Podfile.lock",
				"${PODS_ROOT}/Manifest.lock",
			);
			name = "[CP] Check Pods Manifest.lock";
			outputFileListPaths = (
			);
			outputPaths = (
				"$(DERIVED_FILE_DIR)/Pods-RXSwift_Explore-checkManifestLockResult.txt",
			);
			runOnlyForDeploymentPostprocessing = 0;
			shellPath = /bin/sh;
			shellScript = "diff \"${PODS_PODFILE_DIR_PATH}/Podfile.lock\" \"${PODS_ROOT}/Manifest.lock\" > /dev/null\nif [ $? != 0 ] ; then\n    # print error to STDERR\n    echo \"error: The sandbox is not in sync with the Podfile.lock. Run 'pod install' or update your CocoaPods installation.\" >&2\n    exit 1\nfi\n# This output is used by Xcode 'outputs' to avoid re-running this script phase.\necho \"SUCCESS\" > \"${SCRIPT_OUTPUT_FILE_0}\"\n";
			showEnvVarsInLog = 0;
		};
/* End PBXShellScriptBuildPhase section */

/* Begin PBXSourcesBuildPhase section */
		4989DE0E24BE0670009DAF62 /* Sources */ = {
			isa = PBXSourcesBuildPhase;
			buildActionMask = 2147483647;
			files = (
				49091B762D7088E200369A9C /* HomeMessageViewController.swift in Sources */,
				49091B742D7088DD00369A9C /* HomeExploreController.swift in Sources */,
				F332693424F63ED100A18EA2 /* CustomAlterViewController.swift in Sources */,
				49B5F009269D682D00D1B3F8 /* TimerTest.swift in Sources */,
				49E873DB2D6AEDC200C8E850 /* NetworkEnum.swift in Sources */,
				493203E524C437A500690A7D /* LoginViewController.swift in Sources */,
				4989DE1A24BE0670009DAF62 /* HomeViewController.swift in Sources */,
				493904CE25F36C9000C8C209 /* EnumTestViewController.swift in Sources */,
				49AE026C24E8F3E5002C028B /* TestAViewController.swift in Sources */,
				4989DE2B24BE06A1009DAF62 /* FRPTestViewController.swift in Sources */,
				F3966C2B24CC309600D9F01F /* OperationtestViewController.swift in Sources */,
				2B915E12259082B4009459A4 /* Social.DatePickerView.swift in Sources */,
				49C0FE642D71692D00E40B99 /* HomeMainController.swift in Sources */,
				49AE026E24E8F3F0002C028B /* TestBViewController.swift in Sources */,
				49E873D52D6AED0200C8E850 /* NetworkService.swift in Sources */,
				49AE026A24E8EDD8002C028B /* WCDBCacheManager.swift in Sources */,
				F31FF90F24EA5B2A00642DA9 /* SwiftTimer.swift in Sources */,
				49E873DD2D6AEE0100C8E850 /* NetworkErrorHandle.swift in Sources */,
				49F70D842C0D75CA00D80FDC /* VideoDimension.swift in Sources */,
				F332693624F642CD00A18EA2 /* Frame.swift in Sources */,
				49E873D92D6AEDAD00C8E850 /* NetworkConfig.swift in Sources */,
				49091B6F2D701BA000369A9C /* UserViewController.swift in Sources */,
				493904CD25F36C9000C8C209 /* MainQueue&ThreadViewController.swift in Sources */,
				F33801B624D7AFE900DAC697 /* DeviceAuthManager.swift in Sources */,
				F3B9938124D173CF000AD623 /* IntExtension.swift in Sources */,
				49943F082D6C94CA00F75B3B /* UserService.swift in Sources */,
				49943F052D6C73C200F75B3B /* MemoryCache.swift in Sources */,
				493904C525F36BA700C8C209 /* MutileClassImpTest.swift in Sources */,
				2B915E0E25907AEB009459A4 /* String+Extension.swift in Sources */,
				49AE027024E8F3F7002C028B /* TestCViewController.swift in Sources */,
				4989DE1624BE0670009DAF62 /* AppDelegate.swift in Sources */,
				49AE026724E8D2D5002C028B /* SubjectTestViewController.swift in Sources */,
				F3B9937E24D14C1B000AD623 /* TestCuddeleViewController.swift in Sources */,
				F318464E25593D63006BC8E5 /* LocationManager.swift in Sources */,
				F30ABAEB24C86867001936D5 /* ObservableTestViewController.swift in Sources */,
				493203E824C438E500690A7D /* GRENibloadable.swift in Sources */,
				49091B782D7088F900369A9C /* HomeProfieViewController.swift in Sources */,
				49943F0B2D6C955300F75B3B /* User.swift in Sources */,
				4989DE3024BE7F92009DAF62 /* RXSwiftRestViewController.swift in Sources */,
				49CC01942D2FB86700BF2ECB /* SwiftUIViewTest1.swift in Sources */,
				F3A51920256D33EA00A42B9D /* VideoPhotoBannerView.swift in Sources */,
			);
			runOnlyForDeploymentPostprocessing = 0;
		};
/* End PBXSourcesBuildPhase section */

/* Begin PBXVariantGroup section */
		4989DE1B24BE0670009DAF62 /* Main.storyboard */ = {
			isa = PBXVariantGroup;
			children = (
				4989DE1C24BE0670009DAF62 /* Base */,
			);
			name = Main.storyboard;
			sourceTree = "<group>";
		};
		4989DE2024BE0672009DAF62 /* LaunchScreen.storyboard */ = {
			isa = PBXVariantGroup;
			children = (
				4989DE2124BE0672009DAF62 /* Base */,
			);
			name = LaunchScreen.storyboard;
			sourceTree = "<group>";
		};
/* End PBXVariantGroup section */

/* Begin XCBuildConfiguration section */
		4989DE2424BE0672009DAF62 /* Debug */ = {
			isa = XCBuildConfiguration;
			buildSettings = {
				ALWAYS_SEARCH_USER_PATHS = NO;
				CLANG_ANALYZER_NONNULL = YES;
				CLANG_ANALYZER_NUMBER_OBJECT_CONVERSION = YES_AGGRESSIVE;
				CLANG_CXX_LANGUAGE_STANDARD = "gnu++14";
				CLANG_CXX_LIBRARY = "libc++";
				CLANG_ENABLE_MODULES = YES;
				CLANG_ENABLE_OBJC_ARC = YES;
				CLANG_ENABLE_OBJC_WEAK = YES;
				CLANG_WARN_BLOCK_CAPTURE_AUTORELEASING = YES;
				CLANG_WARN_BOOL_CONVERSION = YES;
				CLANG_WARN_COMMA = YES;
				CLANG_WARN_CONSTANT_CONVERSION = YES;
				CLANG_WARN_DEPRECATED_OBJC_IMPLEMENTATIONS = YES;
				CLANG_WARN_DIRECT_OBJC_ISA_USAGE = YES_ERROR;
				CLANG_WARN_DOCUMENTATION_COMMENTS = YES;
				CLANG_WARN_EMPTY_BODY = YES;
				CLANG_WARN_ENUM_CONVERSION = YES;
				CLANG_WARN_INFINITE_RECURSION = YES;
				CLANG_WARN_INT_CONVERSION = YES;
				CLANG_WARN_NON_LITERAL_NULL_CONVERSION = YES;
				CLANG_WARN_OBJC_IMPLICIT_RETAIN_SELF = YES;
				CLANG_WARN_OBJC_LITERAL_CONVERSION = YES;
				CLANG_WARN_OBJC_ROOT_CLASS = YES_ERROR;
				CLANG_WARN_RANGE_LOOP_ANALYSIS = YES;
				CLANG_WARN_STRICT_PROTOTYPES = YES;
				CLANG_WARN_SUSPICIOUS_MOVE = YES;
				CLANG_WARN_UNGUARDED_AVAILABILITY = YES_AGGRESSIVE;
				CLANG_WARN_UNREACHABLE_CODE = YES;
				CLANG_WARN__DUPLICATE_METHOD_MATCH = YES;
				COPY_PHASE_STRIP = NO;
				DEBUG_INFORMATION_FORMAT = dwarf;
				ENABLE_STRICT_OBJC_MSGSEND = YES;
				ENABLE_TESTABILITY = YES;
				GCC_C_LANGUAGE_STANDARD = gnu11;
				GCC_DYNAMIC_NO_PIC = NO;
				GCC_NO_COMMON_BLOCKS = YES;
				GCC_OPTIMIZATION_LEVEL = 0;
				GCC_PREPROCESSOR_DEFINITIONS = (
					"DEBUG=1",
					"$(inherited)",
				);
				GCC_WARN_64_TO_32_BIT_CONVERSION = YES;
				GCC_WARN_ABOUT_RETURN_TYPE = YES_ERROR;
				GCC_WARN_UNDECLARED_SELECTOR = YES;
				GCC_WARN_UNINITIALIZED_AUTOS = YES_AGGRESSIVE;
				GCC_WARN_UNUSED_FUNCTION = YES;
				GCC_WARN_UNUSED_VARIABLE = YES;
				IPHONEOS_DEPLOYMENT_TARGET = 14.0;
				MTL_ENABLE_DEBUG_INFO = INCLUDE_SOURCE;
				MTL_FAST_MATH = YES;
				ONLY_ACTIVE_ARCH = YES;
				SDKROOT = iphoneos;
				SWIFT_ACTIVE_COMPILATION_CONDITIONS = DEBUG;
				SWIFT_OPTIMIZATION_LEVEL = "-Onone";
			};
			name = Debug;
		};
		4989DE2524BE0672009DAF62 /* Release */ = {
			isa = XCBuildConfiguration;
			buildSettings = {
				ALWAYS_SEARCH_USER_PATHS = NO;
				CLANG_ANALYZER_NONNULL = YES;
				CLANG_ANALYZER_NUMBER_OBJECT_CONVERSION = YES_AGGRESSIVE;
				CLANG_CXX_LANGUAGE_STANDARD = "gnu++14";
				CLANG_CXX_LIBRARY = "libc++";
				CLANG_ENABLE_MODULES = YES;
				CLANG_ENABLE_OBJC_ARC = YES;
				CLANG_ENABLE_OBJC_WEAK = YES;
				CLANG_WARN_BLOCK_CAPTURE_AUTORELEASING = YES;
				CLANG_WARN_BOOL_CONVERSION = YES;
				CLANG_WARN_COMMA = YES;
				CLANG_WARN_CONSTANT_CONVERSION = YES;
				CLANG_WARN_DEPRECATED_OBJC_IMPLEMENTATIONS = YES;
				CLANG_WARN_DIRECT_OBJC_ISA_USAGE = YES_ERROR;
				CLANG_WARN_DOCUMENTATION_COMMENTS = YES;
				CLANG_WARN_EMPTY_BODY = YES;
				CLANG_WARN_ENUM_CONVERSION = YES;
				CLANG_WARN_INFINITE_RECURSION = YES;
				CLANG_WARN_INT_CONVERSION = YES;
				CLANG_WARN_NON_LITERAL_NULL_CONVERSION = YES;
				CLANG_WARN_OBJC_IMPLICIT_RETAIN_SELF = YES;
				CLANG_WARN_OBJC_LITERAL_CONVERSION = YES;
				CLANG_WARN_OBJC_ROOT_CLASS = YES_ERROR;
				CLANG_WARN_RANGE_LOOP_ANALYSIS = YES;
				CLANG_WARN_STRICT_PROTOTYPES = YES;
				CLANG_WARN_SUSPICIOUS_MOVE = YES;
				CLANG_WARN_UNGUARDED_AVAILABILITY = YES_AGGRESSIVE;
				CLANG_WARN_UNREACHABLE_CODE = YES;
				CLANG_WARN__DUPLICATE_METHOD_MATCH = YES;
				COPY_PHASE_STRIP = NO;
				DEBUG_INFORMATION_FORMAT = "dwarf-with-dsym";
				ENABLE_NS_ASSERTIONS = NO;
				ENABLE_STRICT_OBJC_MSGSEND = YES;
				GCC_C_LANGUAGE_STANDARD = gnu11;
				GCC_NO_COMMON_BLOCKS = YES;
				GCC_WARN_64_TO_32_BIT_CONVERSION = YES;
				GCC_WARN_ABOUT_RETURN_TYPE = YES_ERROR;
				GCC_WARN_UNDECLARED_SELECTOR = YES;
				GCC_WARN_UNINITIALIZED_AUTOS = YES_AGGRESSIVE;
				GCC_WARN_UNUSED_FUNCTION = YES;
				GCC_WARN_UNUSED_VARIABLE = YES;
				IPHONEOS_DEPLOYMENT_TARGET = 14.0;
				MTL_ENABLE_DEBUG_INFO = NO;
				MTL_FAST_MATH = YES;
				SDKROOT = iphoneos;
				SWIFT_COMPILATION_MODE = wholemodule;
				SWIFT_OPTIMIZATION_LEVEL = "-O";
				VALIDATE_PRODUCT = YES;
			};
			name = Release;
		};
		4989DE2724BE0672009DAF62 /* Debug */ = {
			isa = XCBuildConfiguration;
			baseConfigurationReference = D474DB7044B723A277DDFCBC /* Pods-RXSwift_Explore.debug.xcconfig */;
			buildSettings = {
				ASSETCATALOG_COMPILER_APPICON_NAME = AppIcon;
				CODE_SIGN_IDENTITY = "Apple Development";
				CODE_SIGN_STYLE = Automatic;
				CURRENT_PROJECT_VERSION = 1;
				DEVELOPMENT_TEAM = TX7C33PXSE;
				INFOPLIST_FILE = RXSwift_Explore/Info.plist;
				INFOPLIST_KEY_CFBundleDisplayName = "Swift Pro";
				IPHONEOS_DEPLOYMENT_TARGET = 14.0;
				LD_RUNPATH_SEARCH_PATHS = (
					"$(inherited)",
					"@executable_path/Frameworks",
				);
				MARKETING_VERSION = 1.0.0;
				PRODUCT_BUNDLE_IDENTIFIER = com.carsome.btoc.manage;
				PRODUCT_NAME = "$(TARGET_NAME)";
				PROVISIONING_PROFILE_SPECIFIER = "";
				SUPPORTED_PLATFORMS = "iphoneos iphonesimulator";
				SUPPORTS_MACCATALYST = NO;
				SUPPORTS_MAC_DESIGNED_FOR_IPHONE_IPAD = NO;
				SUPPORTS_XR_DESIGNED_FOR_IPHONE_IPAD = NO;
				SWIFT_VERSION = 5.0;
				TARGETED_DEVICE_FAMILY = 1;
			};
			name = Debug;
		};
		4989DE2824BE0672009DAF62 /* Release */ = {
			isa = XCBuildConfiguration;
			baseConfigurationReference = AAEFC897D70E78DB7C9BF5F9 /* Pods-RXSwift_Explore.release.xcconfig */;
			buildSettings = {
				ASSETCATALOG_COMPILER_APPICON_NAME = AppIcon;
				CODE_SIGN_IDENTITY = "Apple Development";
				CODE_SIGN_STYLE = Automatic;
				CURRENT_PROJECT_VERSION = 1;
				DEVELOPMENT_TEAM = TX7C33PXSE;
				INFOPLIST_FILE = RXSwift_Explore/Info.plist;
				INFOPLIST_KEY_CFBundleDisplayName = "Swift Pro";
				IPHONEOS_DEPLOYMENT_TARGET = 14.0;
				LD_RUNPATH_SEARCH_PATHS = (
					"$(inherited)",
					"@executable_path/Frameworks",
				);
				MARKETING_VERSION = 1.0.0;
				PRODUCT_BUNDLE_IDENTIFIER = com.carsome.btoc.manage;
				PRODUCT_NAME = "$(TARGET_NAME)";
				PROVISIONING_PROFILE_SPECIFIER = "";
				SUPPORTED_PLATFORMS = "iphoneos iphonesimulator";
				SUPPORTS_MACCATALYST = NO;
				SUPPORTS_MAC_DESIGNED_FOR_IPHONE_IPAD = NO;
				SUPPORTS_XR_DESIGNED_FOR_IPHONE_IPAD = NO;
				SWIFT_VERSION = 5.0;
				TARGETED_DEVICE_FAMILY = 1;
			};
			name = Release;
		};
/* End XCBuildConfiguration section */

/* Begin XCConfigurationList section */
		4989DE0D24BE0670009DAF62 /* Build configuration list for PBXProject "RXSwift_Explore" */ = {
			isa = XCConfigurationList;
			buildConfigurations = (
				4989DE2424BE0672009DAF62 /* Debug */,
				4989DE2524BE0672009DAF62 /* Release */,
			);
			defaultConfigurationIsVisible = 0;
			defaultConfigurationName = Release;
		};
		4989DE2624BE0672009DAF62 /* Build configuration list for PBXNativeTarget "RXSwift_Explore" */ = {
			isa = XCConfigurationList;
			buildConfigurations = (
				4989DE2724BE0672009DAF62 /* Debug */,
				4989DE2824BE0672009DAF62 /* Release */,
			);
			defaultConfigurationIsVisible = 0;
			defaultConfigurationName = Release;
		};
/* End XCConfigurationList section */
	};
	rootObject = 4989DE0A24BE0670009DAF62 /* Project object */;
}
