PODS:
  - Alamofire (5.10.2)
  - DeviceKit (4.2.1)
  - RxCocoa (6.9.0):
    - RxRelay (= 6.9.0)
    - RxSwift (= 6.9.0)
  - RxRelay (6.9.0):
    - RxSwift (= 6.9.0)
  - RxSwift (6.9.0)
  - SnapKit (5.7.1)

DEPENDENCIES:
  - Alamofire
  - DeviceKit (~> 4.2.1)
  - RxCocoa (~> 6.9.0)
  - RxSwift (~> 6.9.0)
  - SnapKit (~> 5.7.1)

SPEC REPOS:
  trunk:
    - Alamofire
    - DeviceKit
    - RxCocoa
    - RxRelay
    - RxSwift
    - SnapKit

SPEC CHECKSUMS:
  Alamofire: 7193b3b92c74a07f85569e1a6c4f4237291e7496
  DeviceKit: cadb5ff25d45fe186778bf2d0fd2ea4750542189
  RxCocoa: ac16414696ae706516be3e1ab00fcce5bdc9be8a
  RxRelay: 6b0c930e5cef57d5fe2032571e5e65b78e3cbdb1
  RxSwift: 31649ace6aceeb422e16ff71c60804f9c3281ed9
  SnapKit: d612e99e678a2d3b95bf60b0705ed0a35c03484a

PODFILE CHECKSUM: 6ca6a8ddcfeaa1789ea2af610777f2b7ee9aad7d

COCOAPODS: 1.16.2
